
Microsoft Visual Studio Solution File, Format Version 12.00
# Visual Studio 15
VisualStudioVersion = 15.0.28307.1145
MinimumVisualStudioVersion = 10.0.40219.1
Project("{9A19103F-16F7-4668-BE54-9A1E7A4F7556}") = "ConsoleApp1", "..\ConsoleApp1\ConsoleApp1.csproj", "{C1D476BA-70FA-4905-BAAC-28EE971CDF07}"
EndProject
Project("{9A19103F-16F7-4668-BE54-9A1E7A4F7556}") = "ConsoleZuHe", "ConsoleZuHe\ConsoleZuHe.csproj", "{876DEC90-8ABA-4BFF-8468-E8E577D70E5D}"
EndProject
Project("{FAE04EC0-301F-11D3-BF4B-00C04F79EFBC}") = "ConsoleHasCode", "ConsoleHasCode\ConsoleHasCode.csproj", "{B0DC35C1-CED9-4A32-BD2F-DB1A32AE43E3}"
EndProject
Global
	GlobalSection(SolutionConfigurationPlatforms) = preSolution
		Debug|Any CPU = Debug|Any CPU
		Release|Any CPU = Release|Any CPU
	EndGlobalSection
	GlobalSection(ProjectConfigurationPlatforms) = postSolution
		{C1D476BA-70FA-4905-BAAC-28EE971CDF07}.Debug|Any CPU.ActiveCfg = Debug|Any CPU
		{C1D476BA-70FA-4905-BAAC-28EE971CDF07}.Debug|Any CPU.Build.0 = Debug|Any CPU
		{C1D476BA-70FA-4905-BAAC-28EE971CDF07}.Release|Any CPU.ActiveCfg = Release|Any CPU
		{C1D476BA-70FA-4905-BAAC-28EE971CDF07}.Release|Any CPU.Build.0 = Release|Any CPU
		{876DEC90-8ABA-4BFF-8468-E8E577D70E5D}.Debug|Any CPU.ActiveCfg = Debug|Any CPU
		{876DEC90-8ABA-4BFF-8468-E8E577D70E5D}.Debug|Any CPU.Build.0 = Debug|Any CPU
		{876DEC90-8ABA-4BFF-8468-E8E577D70E5D}.Release|Any CPU.ActiveCfg = Release|Any CPU
		{876DEC90-8ABA-4BFF-8468-E8E577D70E5D}.Release|Any CPU.Build.0 = Release|Any CPU
		{B0DC35C1-CED9-4A32-BD2F-DB1A32AE43E3}.Debug|Any CPU.ActiveCfg = Debug|Any CPU
		{B0DC35C1-CED9-4A32-BD2F-DB1A32AE43E3}.Debug|Any CPU.Build.0 = Debug|Any CPU
		{B0DC35C1-CED9-4A32-BD2F-DB1A32AE43E3}.Release|Any CPU.ActiveCfg = Release|Any CPU
		{B0DC35C1-CED9-4A32-BD2F-DB1A32AE43E3}.Release|Any CPU.Build.0 = Release|Any CPU
	EndGlobalSection
	GlobalSection(SolutionProperties) = preSolution
		HideSolutionNode = FALSE
	EndGlobalSection
	GlobalSection(ExtensibilityGlobals) = postSolution
		SolutionGuid = {775C718F-B000-4BD5-9D61-98A9FCD78D6A}
	EndGlobalSection
EndGlobal
